
Microsoft Visual Studio Solution File, Format Version 12.00
# Visual Studio Version 17
VisualStudioVersion = 17.7.34018.315
MinimumVisualStudioVersion = 10.0.40219.1
Project("{FAE04EC0-301F-11D3-BF4B-00C04F79EFBC}") = "Dino", "Dino\Dino.csproj", "{1A8E1D05-C14F-4C78-810F-BAFE800CDA3B}"
EndProject
Global
	GlobalSection(SolutionConfigurationPlatforms) = preSolution
		Debug|Any CPU = Debug|Any CPU
		Release|Any CPU = Release|Any CPU
	EndGlobalSection
	GlobalSection(ProjectConfigurationPlatforms) = postSolution
		{1A8E1D05-C14F-4C78-810F-BAFE800CDA3B}.Debug|Any CPU.ActiveCfg = Debug|Any CPU
		{1A8E1D05-C14F-4C78-810F-BAFE800CDA3B}.Debug|Any CPU.Build.0 = Debug|Any CPU
		{1A8E1D05-C14F-4C78-810F-BAFE800CDA3B}.Release|Any CPU.ActiveCfg = Release|Any CPU
		{1A8E1D05-C14F-4C78-810F-BAFE800CDA3B}.Release|Any CPU.Build.0 = Release|Any CPU
	EndGlobalSection
	GlobalSection(SolutionProperties) = preSolution
		HideSolutionNode = FALSE
	EndGlobalSection
	GlobalSection(ExtensibilityGlobals) = postSolution
		SolutionGuid = {117385B5-4B4F-4043-85D2-D781A4F53993}
	EndGlobalSection
EndGlobal
